
Microsoft Visual Studio Solution File, Format Version 12.00
# Visual Studio Version 16
VisualStudioVersion = 16.0.29709.97
MinimumVisualStudioVersion = 10.0.40219.1
Project("{8BC9CEB8-8B4A-11D0-8D11-00A0C91BC942}") = "Pointers", "Pointers\Pointers.vcxproj", "{B4BB310B-935F-4359-B654-9CF1FC04A371}"
EndProject
Project("{8BC9CEB8-8B4A-11D0-8D11-00A0C91BC942}") = "TransportParametrs", "TransportParametrs\TransportParametrs.vcxproj", "{97EE05A5-3E54-4C08-AB08-303B5C700964}"
EndProject
Global
	GlobalSection(SolutionConfigurationPlatforms) = preSolution
		Debug|x64 = Debug|x64
		Debug|x86 = Debug|x86
		Release|x64 = Release|x64
		Release|x86 = Release|x86
	EndGlobalSection
	GlobalSection(ProjectConfigurationPlatforms) = postSolution
		{B4BB310B-935F-4359-B654-9CF1FC04A371}.Debug|x64.ActiveCfg = Debug|x64
		{B4BB310B-935F-4359-B654-9CF1FC04A371}.Debug|x64.Build.0 = Debug|x64
		{B4BB310B-935F-4359-B654-9CF1FC04A371}.Debug|x86.ActiveCfg = Debug|Win32
		{B4BB310B-935F-4359-B654-9CF1FC04A371}.Debug|x86.Build.0 = Debug|Win32
		{B4BB310B-935F-4359-B654-9CF1FC04A371}.Release|x64.ActiveCfg = Release|x64
		{B4BB310B-935F-4359-B654-9CF1FC04A371}.Release|x64.Build.0 = Release|x64
		{B4BB310B-935F-4359-B654-9CF1FC04A371}.Release|x86.ActiveCfg = Release|Win32
		{B4BB310B-935F-4359-B654-9CF1FC04A371}.Release|x86.Build.0 = Release|Win32
		{97EE05A5-3E54-4C08-AB08-303B5C700964}.Debug|x64.ActiveCfg = Debug|x64
		{97EE05A5-3E54-4C08-AB08-303B5C700964}.Debug|x64.Build.0 = Debug|x64
		{97EE05A5-3E54-4C08-AB08-303B5C700964}.Debug|x86.ActiveCfg = Debug|Win32
		{97EE05A5-3E54-4C08-AB08-303B5C700964}.Debug|x86.Build.0 = Debug|Win32
		{97EE05A5-3E54-4C08-AB08-303B5C700964}.Release|x64.ActiveCfg = Release|x64
		{97EE05A5-3E54-4C08-AB08-303B5C700964}.Release|x64.Build.0 = Release|x64
		{97EE05A5-3E54-4C08-AB08-303B5C700964}.Release|x86.ActiveCfg = Release|Win32
		{97EE05A5-3E54-4C08-AB08-303B5C700964}.Release|x86.Build.0 = Release|Win32
	EndGlobalSection
	GlobalSection(SolutionProperties) = preSolution
		HideSolutionNode = FALSE
	EndGlobalSection
	GlobalSection(ExtensibilityGlobals) = postSolution
		SolutionGuid = {453B5DB9-DB6B-48AE-9ABD-C483FE1D2A0B}
	EndGlobalSection
EndGlobal
